// !$*UTF8*$!
{
	archiveVersion = 1;
	classes = {
	};
	objectVersion = 46;
	objects = {

/* Begin PBXBuildFile section */
		3387272D523D36EA8F44220E /* Pods.framework in Frameworks */ = {isa = PBXBuildFile; fileRef = CA2103F59CCF64DB3D03B182 /* Pods.framework */; };
		6623168A1C0A44310093EE82 /* AppDelegate.swift in Sources */ = {isa = PBXBuildFile; fileRef = 662316891C0A44310093EE82 /* AppDelegate.swift */; };
		6623168F1C0A44310093EE82 /* Main.storyboard in Resources */ = {isa = PBXBuildFile; fileRef = 6623168D1C0A44310093EE82 /* Main.storyboard */; };
		662316911C0A44310093EE82 /* Assets.xcassets in Resources */ = {isa = PBXBuildFile; fileRef = 662316901C0A44310093EE82 /* Assets.xcassets */; };
		662316941C0A44310093EE82 /* LaunchScreen.storyboard in Resources */ = {isa = PBXBuildFile; fileRef = 662316921C0A44310093EE82 /* LaunchScreen.storyboard */; };
		6640BFCA1C18B0F2001C62C3 /* EditQuickActionsViewController.swift in Sources */ = {isa = PBXBuildFile; fileRef = 6640BFC71C18B0F2001C62C3 /* EditQuickActionsViewController.swift */; };
		6640BFCB1C18B0F2001C62C3 /* QuickActionsManager.swift in Sources */ = {isa = PBXBuildFile; fileRef = 6640BFC91C18B0F2001C62C3 /* QuickActionsManager.swift */; };
		6654FCAF1C1539F6003E69C0 /* Default-568h@2x.png in Resources */ = {isa = PBXBuildFile; fileRef = 6654FCAE1C1539F6003E69C0 /* Default-568h@2x.png */; };
		665DB9E01C1777C700B553CF /* ImageViewController.swift in Sources */ = {isa = PBXBuildFile; fileRef = 665DB9D91C1777C700B553CF /* ImageViewController.swift */; };
		665DB9E11C1777C700B553CF /* PeekPopViewController.swift in Sources */ = {isa = PBXBuildFile; fileRef = 665DB9DA1C1777C700B553CF /* PeekPopViewController.swift */; };
		665DB9E21C1777C700B553CF /* Image.swift in Sources */ = {isa = PBXBuildFile; fileRef = 665DB9DC1C1777C700B553CF /* Image.swift */; };
		665DB9E31C1777C700B553CF /* ImageCollectionViewCell.swift in Sources */ = {isa = PBXBuildFile; fileRef = 665DB9DE1C1777C700B553CF /* ImageCollectionViewCell.swift */; };
		665DB9E41C1777C700B553CF /* ImageCollectionViewCell.xib in Resources */ = {isa = PBXBuildFile; fileRef = 665DB9DF1C1777C700B553CF /* ImageCollectionViewCell.xib */; };
		665DB9E61C1779BC00B553CF /* PeekPopViewController+Extensions.swift in Sources */ = {isa = PBXBuildFile; fileRef = 665DB9E51C1779BC00B553CF /* PeekPopViewController+Extensions.swift */; };
		66A2CD701C0A579D00787E28 /* PressureSensitivityViewController.swift in Sources */ = {isa = PBXBuildFile; fileRef = 66A2CD6F1C0A579D00787E28 /* PressureSensitivityViewController.swift */; };
/* End PBXBuildFile section */

/* Begin PBXFileReference section */
		662316861C0A44310093EE82 /* PI3DTouch.app */ = {isa = PBXFileReference; explicitFileType = wrapper.application; includeInIndex = 0; path = PI3DTouch.app; sourceTree = BUILT_PRODUCTS_DIR; };
		662316891C0A44310093EE82 /* AppDelegate.swift */ = {isa = PBXFileReference; lastKnownFileType = sourcecode.swift; path = AppDelegate.swift; sourceTree = "<group>"; };
		6623168E1C0A44310093EE82 /* Base */ = {isa = PBXFileReference; lastKnownFileType = file.storyboard; name = Base; path = Base.lproj/Main.storyboard; sourceTree = "<group>"; };
		662316901C0A44310093EE82 /* Assets.xcassets */ = {isa = PBXFileReference; lastKnownFileType = folder.assetcatalog; path = Assets.xcassets; sourceTree = "<group>"; };
		662316931C0A44310093EE82 /* Base */ = {isa = PBXFileReference; lastKnownFileType = file.storyboard; name = Base; path = Base.lproj/LaunchScreen.storyboard; sourceTree = "<group>"; };
		662316951C0A44310093EE82 /* Info.plist */ = {isa = PBXFileReference; lastKnownFileType = text.plist.xml; path = Info.plist; sourceTree = "<group>"; };
		6640BFC71C18B0F2001C62C3 /* EditQuickActionsViewController.swift */ = {isa = PBXFileReference; fileEncoding = 4; lastKnownFileType = sourcecode.swift; path = EditQuickActionsViewController.swift; sourceTree = "<group>"; };
		6640BFC91C18B0F2001C62C3 /* QuickActionsManager.swift */ = {isa = PBXFileReference; fileEncoding = 4; lastKnownFileType = sourcecode.swift; path = QuickActionsManager.swift; sourceTree = "<group>"; };
		6654FCAE1C1539F6003E69C0 /* Default-568h@2x.png */ = {isa = PBXFileReference; lastKnownFileType = image.png; path = "Default-568h@2x.png"; sourceTree = "<group>"; };
		665DB9D91C1777C700B553CF /* ImageViewController.swift */ = {isa = PBXFileReference; fileEncoding = 4; lastKnownFileType = sourcecode.swift; path = ImageViewController.swift; sourceTree = "<group>"; };
		665DB9DA1C1777C700B553CF /* PeekPopViewController.swift */ = {isa = PBXFileReference; fileEncoding = 4; lastKnownFileType = sourcecode.swift; path = PeekPopViewController.swift; sourceTree = "<group>"; };
		665DB9DC1C1777C700B553CF /* Image.swift */ = {isa = PBXFileReference; fileEncoding = 4; lastKnownFileType = sourcecode.swift; path = Image.swift; sourceTree = "<group>"; };
		665DB9DE1C1777C700B553CF /* ImageCollectionViewCell.swift */ = {isa = PBXFileReference; fileEncoding = 4; lastKnownFileType = sourcecode.swift; path = ImageCollectionViewCell.swift; sourceTree = "<group>"; };
		665DB9DF1C1777C700B553CF /* ImageCollectionViewCell.xib */ = {isa = PBXFileReference; fileEncoding = 4; lastKnownFileType = file.xib; path = ImageCollectionViewCell.xib; sourceTree = "<group>"; };
		665DB9E51C1779BC00B553CF /* PeekPopViewController+Extensions.swift */ = {isa = PBXFileReference; fileEncoding = 4; lastKnownFileType = sourcecode.swift; path = "PeekPopViewController+Extensions.swift"; sourceTree = "<group>"; };
		66A2CD6F1C0A579D00787E28 /* PressureSensitivityViewController.swift */ = {isa = PBXFileReference; fileEncoding = 4; lastKnownFileType = sourcecode.swift; path = PressureSensitivityViewController.swift; sourceTree = "<group>"; };
		A73EB599A182CDAA7DB8C08F /* Pods.release.xcconfig */ = {isa = PBXFileReference; includeInIndex = 1; lastKnownFileType = text.xcconfig; name = Pods.release.xcconfig; path = "Pods/Target Support Files/Pods/Pods.release.xcconfig"; sourceTree = "<group>"; };
		B6BDE6A08F1F08DE654C4C8F /* Pods.debug.xcconfig */ = {isa = PBXFileReference; includeInIndex = 1; lastKnownFileType = text.xcconfig; name = Pods.debug.xcconfig; path = "Pods/Target Support Files/Pods/Pods.debug.xcconfig"; sourceTree = "<group>"; };
		CA2103F59CCF64DB3D03B182 /* Pods.framework */ = {isa = PBXFileReference; explicitFileType = wrapper.framework; includeInIndex = 0; path = Pods.framework; sourceTree = BUILT_PRODUCTS_DIR; };
/* End PBXFileReference section */

/* Begin PBXFrameworksBuildPhase section */
		662316831C0A44310093EE82 /* Frameworks */ = {
			isa = PBXFrameworksBuildPhase;
			buildActionMask = 2147483647;
			files = (
				3387272D523D36EA8F44220E /* Pods.framework in Frameworks */,
			);
			runOnlyForDeploymentPostprocessing = 0;
		};
/* End PBXFrameworksBuildPhase section */

/* Begin PBXGroup section */
		6623167D1C0A44310093EE82 = {
			isa = PBXGroup;
			children = (
				6654FCAE1C1539F6003E69C0 /* Default-568h@2x.png */,
				662316881C0A44310093EE82 /* PI3DTouch */,
				662316871C0A44310093EE82 /* Products */,
				8C8636F44C87DEDDCC610693 /* Pods */,
				78283BB5D51CCBA7BCD061B1 /* Frameworks */,
			);
			sourceTree = "<group>";
		};
		662316871C0A44310093EE82 /* Products */ = {
			isa = PBXGroup;
			children = (
				662316861C0A44310093EE82 /* PI3DTouch.app */,
			);
			name = Products;
			sourceTree = "<group>";
		};
		662316881C0A44310093EE82 /* PI3DTouch */ = {
			isa = PBXGroup;
			children = (
				6623168D1C0A44310093EE82 /* Main.storyboard */,
				66A2CD711C0A57A600787E28 /* Features */,
				6623169B1C0A46B70093EE82 /* Supporting Files */,
				662316901C0A44310093EE82 /* Assets.xcassets */,
			);
			path = PI3DTouch;
			sourceTree = "<group>";
		};
		6623169B1C0A46B70093EE82 /* Supporting Files */ = {
			isa = PBXGroup;
			children = (
				662316891C0A44310093EE82 /* AppDelegate.swift */,
				662316921C0A44310093EE82 /* LaunchScreen.storyboard */,
				662316951C0A44310093EE82 /* Info.plist */,
			);
			name = "Supporting Files";
			sourceTree = "<group>";
		};
		6640BFC61C18B0F2001C62C3 /* Controllers */ = {
			isa = PBXGroup;
			children = (
				6640BFC71C18B0F2001C62C3 /* EditQuickActionsViewController.swift */,
			);
			path = Controllers;
			sourceTree = "<group>";
		};
		6640BFC81C18B0F2001C62C3 /* Managers */ = {
			isa = PBXGroup;
			children = (
				6640BFC91C18B0F2001C62C3 /* QuickActionsManager.swift */,
			);
			path = Managers;
			sourceTree = "<group>";
		};
		6654FCB21C155865003E69C0 /* QuickActions */ = {
			isa = PBXGroup;
			children = (
				6640BFC61C18B0F2001C62C3 /* Controllers */,
				6640BFC81C18B0F2001C62C3 /* Managers */,
			);
			name = QuickActions;
			path = Classes/QuickActions;
			sourceTree = "<group>";
		};
		665DB9D71C1777C700B553CF /* PeekAndPop */ = {
			isa = PBXGroup;
			children = (
				665DB9DB1C1777C700B553CF /* Models */,
				665DB9DD1C1777C700B553CF /* Views */,
				665DB9D81C1777C700B553CF /* Controllers */,
			);
			name = PeekAndPop;
			path = Classes/PeekAndPop;
			sourceTree = "<group>";
		};
		665DB9D81C1777C700B553CF /* Controllers */ = {
			isa = PBXGroup;
			children = (
				665DB9DA1C1777C700B553CF /* PeekPopViewController.swift */,
				665DB9E51C1779BC00B553CF /* PeekPopViewController+Extensions.swift */,
				665DB9D91C1777C700B553CF /* ImageViewController.swift */,
			);
			path = Controllers;
			sourceTree = "<group>";
		};
		665DB9DB1C1777C700B553CF /* Models */ = {
			isa = PBXGroup;
			children = (
				665DB9DC1C1777C700B553CF /* Image.swift */,
			);
			path = Models;
			sourceTree = "<group>";
		};
		665DB9DD1C1777C700B553CF /* Views */ = {
			isa = PBXGroup;
			children = (
				665DB9DE1C1777C700B553CF /* ImageCollectionViewCell.swift */,
				665DB9DF1C1777C700B553CF /* ImageCollectionViewCell.xib */,
			);
			path = Views;
			sourceTree = "<group>";
		};
		66A2CD6E1C0A579D00787E28 /* PressureSensitivity */ = {
			isa = PBXGroup;
			children = (
				66A2CD6F1C0A579D00787E28 /* PressureSensitivityViewController.swift */,
			);
			name = PressureSensitivity;
			path = Classes/PressureSensitivity;
			sourceTree = "<group>";
		};
		66A2CD711C0A57A600787E28 /* Features */ = {
			isa = PBXGroup;
			children = (
				665DB9D71C1777C700B553CF /* PeekAndPop */,
				6654FCB21C155865003E69C0 /* QuickActions */,
				66A2CD6E1C0A579D00787E28 /* PressureSensitivity */,
			);
			name = Features;
			sourceTree = "<group>";
		};
		78283BB5D51CCBA7BCD061B1 /* Frameworks */ = {
			isa = PBXGroup;
			children = (
				CA2103F59CCF64DB3D03B182 /* Pods.framework */,
			);
			name = Frameworks;
			sourceTree = "<group>";
		};
		8C8636F44C87DEDDCC610693 /* Pods */ = {
			isa = PBXGroup;
			children = (
				B6BDE6A08F1F08DE654C4C8F /* Pods.debug.xcconfig */,
				A73EB599A182CDAA7DB8C08F /* Pods.release.xcconfig */,
			);
			name = Pods;
			sourceTree = "<group>";
		};
/* End PBXGroup section */

/* Begin PBXNativeTarget section */
		662316851C0A44310093EE82 /* PI3DTouch */ = {
			isa = PBXNativeTarget;
			buildConfigurationList = 662316981C0A44310093EE82 /* Build configuration list for PBXNativeTarget "PI3DTouch" */;
			buildPhases = (
				4FC2E8A1B310A283B7C8CCB8 /* Check Pods Manifest.lock */,
				662316821C0A44310093EE82 /* Sources */,
				662316831C0A44310093EE82 /* Frameworks */,
				662316841C0A44310093EE82 /* Resources */,
				02A644AE72B4B9726177A421 /* Embed Pods Frameworks */,
				2F5495E4F208916E3868ED36 /* Copy Pods Resources */,
			);
			buildRules = (
			);
			dependencies = (
			);
			name = PI3DTouch;
			productName = PI3DTouch;
			productReference = 662316861C0A44310093EE82 /* PI3DTouch.app */;
			productType = "com.apple.product-type.application";
		};
/* End PBXNativeTarget section */

/* Begin PBXProject section */
		6623167E1C0A44310093EE82 /* Project object */ = {
			isa = PBXProject;
			attributes = {
				LastSwiftUpdateCheck = 0710;
				LastUpgradeCheck = 0710;
				ORGANIZATIONNAME = "Prolific Interactive Corp.";
				TargetAttributes = {
					662316851C0A44310093EE82 = {
						CreatedOnToolsVersion = 7.1.1;
						DevelopmentTeam = 5ZZ7W4SB26;
					};
				};
			};
			buildConfigurationList = 662316811C0A44310093EE82 /* Build configuration list for PBXProject "PI3DTouch" */;
			compatibilityVersion = "Xcode 3.2";
			developmentRegion = English;
			hasScannedForEncodings = 0;
			knownRegions = (
				en,
				Base,
			);
			mainGroup = 6623167D1C0A44310093EE82;
			productRefGroup = 662316871C0A44310093EE82 /* Products */;
			projectDirPath = "";
			projectRoot = "";
			targets = (
				662316851C0A44310093EE82 /* PI3DTouch */,
			);
		};
/* End PBXProject section */

/* Begin PBXResourcesBuildPhase section */
		662316841C0A44310093EE82 /* Resources */ = {
			isa = PBXResourcesBuildPhase;
			buildActionMask = 2147483647;
			files = (
				662316941C0A44310093EE82 /* LaunchScreen.storyboard in Resources */,
				662316911C0A44310093EE82 /* Assets.xcassets in Resources */,
				6654FCAF1C1539F6003E69C0 /* Default-568h@2x.png in Resources */,
				6623168F1C0A44310093EE82 /* Main.storyboard in Resources */,
				665DB9E41C1777C700B553CF /* ImageCollectionViewCell.xib in Resources */,
			);
			runOnlyForDeploymentPostprocessing = 0;
		};
/* End PBXResourcesBuildPhase section */

/* Begin PBXShellScriptBuildPhase section */
		02A644AE72B4B9726177A421 /* Embed Pods Frameworks */ = {
			isa = PBXShellScriptBuildPhase;
			buildActionMask = 2147483647;
			files = (
			);
			inputPaths = (
			);
			name = "Embed Pods Frameworks";
			outputPaths = (
			);
			runOnlyForDeploymentPostprocessing = 0;
			shellPath = /bin/sh;
			shellScript = "\"${SRCROOT}/Pods/Target Support Files/Pods/Pods-frameworks.sh\"\n";
			showEnvVarsInLog = 0;
		};
		2F5495E4F208916E3868ED36 /* Copy Pods Resources */ = {
			isa = PBXShellScriptBuildPhase;
			buildActionMask = 2147483647;
			files = (
			);
			inputPaths = (
			);
			name = "Copy Pods Resources";
			outputPaths = (
			);
			runOnlyForDeploymentPostprocessing = 0;
			shellPath = /bin/sh;
			shellScript = "\"${SRCROOT}/Pods/Target Support Files/Pods/Pods-resources.sh\"\n";
			showEnvVarsInLog = 0;
		};
		4FC2E8A1B310A283B7C8CCB8 /* Check Pods Manifest.lock */ = {
			isa = PBXShellScriptBuildPhase;
			buildActionMask = 2147483647;
			files = (
			);
			inputPaths = (
			);
			name = "Check Pods Manifest.lock";
			outputPaths = (
			);
			runOnlyForDeploymentPostprocessing = 0;
			shellPath = /bin/sh;
			shellScript = "diff \"${PODS_ROOT}/../Podfile.lock\" \"${PODS_ROOT}/Manifest.lock\" > /dev/null\nif [[ $? != 0 ]] ; then\n    cat << EOM\nerror: The sandbox is not in sync with the Podfile.lock. Run 'pod install' or update your CocoaPods installation.\nEOM\n    exit 1\nfi\n";
			showEnvVarsInLog = 0;
		};
/* End PBXShellScriptBuildPhase section */

/* Begin PBXSourcesBuildPhase section */
		662316821C0A44310093EE82 /* Sources */ = {
			isa = PBXSourcesBuildPhase;
			buildActionMask = 2147483647;
			files = (
				6640BFCB1C18B0F2001C62C3 /* QuickActionsManager.swift in Sources */,
				665DB9E21C1777C700B553CF /* Image.swift in Sources */,
				66A2CD701C0A579D00787E28 /* PressureSensitivityViewController.swift in Sources */,
				6640BFCA1C18B0F2001C62C3 /* EditQuickActionsViewController.swift in Sources */,
				665DB9E31C1777C700B553CF /* ImageCollectionViewCell.swift in Sources */,
				665DB9E01C1777C700B553CF /* ImageViewController.swift in Sources */,
				6623168A1C0A44310093EE82 /* AppDelegate.swift in Sources */,
				665DB9E61C1779BC00B553CF /* PeekPopViewController+Extensions.swift in Sources */,
				665DB9E11C1777C700B553CF /* PeekPopViewController.swift in Sources */,
			);
			runOnlyForDeploymentPostprocessing = 0;
		};
/* End PBXSourcesBuildPhase section */

/* Begin PBXVariantGroup section */
		6623168D1C0A44310093EE82 /* Main.storyboard */ = {
			isa = PBXVariantGroup;
			children = (
				6623168E1C0A44310093EE82 /* Base */,
			);
			name = Main.storyboard;
			sourceTree = "<group>";
		};
		662316921C0A44310093EE82 /* LaunchScreen.storyboard */ = {
			isa = PBXVariantGroup;
			children = (
				662316931C0A44310093EE82 /* Base */,
			);
			name = LaunchScreen.storyboard;
			sourceTree = "<group>";
		};
/* End PBXVariantGroup section */

/* Begin XCBuildConfiguration section */
		662316961C0A44310093EE82 /* Debug */ = {
			isa = XCBuildConfiguration;
			buildSettings = {
				ALWAYS_SEARCH_USER_PATHS = NO;
				CLANG_CXX_LANGUAGE_STANDARD = "gnu++0x";
				CLANG_CXX_LIBRARY = "libc++";
				CLANG_ENABLE_MODULES = YES;
				CLANG_ENABLE_OBJC_ARC = YES;
				CLANG_WARN_BOOL_CONVERSION = YES;
				CLANG_WARN_CONSTANT_CONVERSION = YES;
				CLANG_WARN_DIRECT_OBJC_ISA_USAGE = YES_ERROR;
				CLANG_WARN_EMPTY_BODY = YES;
				CLANG_WARN_ENUM_CONVERSION = YES;
				CLANG_WARN_INT_CONVERSION = YES;
				CLANG_WARN_OBJC_ROOT_CLASS = YES_ERROR;
				CLANG_WARN_UNREACHABLE_CODE = YES;
				CLANG_WARN__DUPLICATE_METHOD_MATCH = YES;
				"CODE_SIGN_IDENTITY[sdk=iphoneos*]" = "iPhone Developer";
				COPY_PHASE_STRIP = NO;
				DEBUG_INFORMATION_FORMAT = dwarf;
				ENABLE_STRICT_OBJC_MSGSEND = YES;
				ENABLE_TESTABILITY = YES;
				GCC_C_LANGUAGE_STANDARD = gnu99;
				GCC_DYNAMIC_NO_PIC = NO;
				GCC_NO_COMMON_BLOCKS = YES;
				GCC_OPTIMIZATION_LEVEL = 0;
				GCC_PREPROCESSOR_DEFINITIONS = (
					"DEBUG=1",
					"$(inherited)",
				);
				GCC_WARN_64_TO_32_BIT_CONVERSION = YES;
				GCC_WARN_ABOUT_RETURN_TYPE = YES_ERROR;
				GCC_WARN_UNDECLARED_SELECTOR = YES;
				GCC_WARN_UNINITIALIZED_AUTOS = YES_AGGRESSIVE;
				GCC_WARN_UNUSED_FUNCTION = YES;
				GCC_WARN_UNUSED_VARIABLE = YES;
				IPHONEOS_DEPLOYMENT_TARGET = 9.1;
				MTL_ENABLE_DEBUG_INFO = YES;
				ONLY_ACTIVE_ARCH = YES;
				SDKROOT = iphoneos;
				SWIFT_OPTIMIZATION_LEVEL = "-Onone";
			};
			name = Debug;
		};
		662316971C0A44310093EE82 /* Release */ = {
			isa = XCBuildConfiguration;
			buildSettings = {
				ALWAYS_SEARCH_USER_PATHS = NO;
				CLANG_CXX_LANGUAGE_STANDARD = "gnu++0x";
				CLANG_CXX_LIBRARY = "libc++";
				CLANG_ENABLE_MODULES = YES;
				CLANG_ENABLE_OBJC_ARC = YES;
				CLANG_WARN_BOOL_CONVERSION = YES;
				CLANG_WARN_CONSTANT_CONVERSION = YES;
				CLANG_WARN_DIRECT_OBJC_ISA_USAGE = YES_ERROR;
				CLANG_WARN_EMPTY_BODY = YES;
				CLANG_WARN_ENUM_CONVERSION = YES;
				CLANG_WARN_INT_CONVERSION = YES;
				CLANG_WARN_OBJC_ROOT_CLASS = YES_ERROR;
				CLANG_WARN_UNREACHABLE_CODE = YES;
				CLANG_WARN__DUPLICATE_METHOD_MATCH = YES;
				"CODE_SIGN_IDENTITY[sdk=iphoneos*]" = "iPhone Developer";
				COPY_PHASE_STRIP = NO;
				DEBUG_INFORMATION_FORMAT = "dwarf-with-dsym";
				ENABLE_NS_ASSERTIONS = NO;
				ENABLE_STRICT_OBJC_MSGSEND = YES;
				GCC_C_LANGUAGE_STANDARD = gnu99;
				GCC_NO_COMMON_BLOCKS = YES;
				GCC_WARN_64_TO_32_BIT_CONVERSION = YES;
				GCC_WARN_ABOUT_RETURN_TYPE = YES_ERROR;
				GCC_WARN_UNDECLARED_SELECTOR = YES;
				GCC_WARN_UNINITIALIZED_AUTOS = YES_AGGRESSIVE;
				GCC_WARN_UNUSED_FUNCTION = YES;
				GCC_WARN_UNUSED_VARIABLE = YES;
				IPHONEOS_DEPLOYMENT_TARGET = 9.1;
				MTL_ENABLE_DEBUG_INFO = NO;
				SDKROOT = iphoneos;
				VALIDATE_PRODUCT = YES;
			};
			name = Release;
		};
		662316991C0A44310093EE82 /* Debug */ = {
			isa = XCBuildConfiguration;
			baseConfigurationReference = B6BDE6A08F1F08DE654C4C8F /* Pods.debug.xcconfig */;
			buildSettings = {
				ASSETCATALOG_COMPILER_APPICON_NAME = AppIcon;
				CODE_SIGN_IDENTITY = "iPhone Developer";
				INFOPLIST_FILE = PI3DTouch/Info.plist;
				IPHONEOS_DEPLOYMENT_TARGET = 9.1;
				LD_RUNPATH_SEARCH_PATHS = "$(inherited) @executable_path/Frameworks";
				PRODUCT_BUNDLE_IDENTIFIER = com.prolificinteractive.PI3DTouch;
				PRODUCT_NAME = "$(TARGET_NAME)";
				PROVISIONING_PROFILE = "a6607762-270b-4791-a730-def536667f9d";
			};
			name = Debug;
		};
		6623169A1C0A44310093EE82 /* Release */ = {
			isa = XCBuildConfiguration;
			baseConfigurationReference = A73EB599A182CDAA7DB8C08F /* Pods.release.xcconfig */;
			buildSettings = {
				ASSETCATALOG_COMPILER_APPICON_NAME = AppIcon;
				CODE_SIGN_IDENTITY = "iPhone Developer";
				INFOPLIST_FILE = PI3DTouch/Info.plist;
				IPHONEOS_DEPLOYMENT_TARGET = 9.1;
				LD_RUNPATH_SEARCH_PATHS = "$(inherited) @executable_path/Frameworks";
				PRODUCT_BUNDLE_IDENTIFIER = com.prolificinteractive.PI3DTouch;
				PRODUCT_NAME = "$(TARGET_NAME)";
				PROVISIONING_PROFILE = "a6607762-270b-4791-a730-def536667f9d";
			};
			name = Release;
		};
/* End XCBuildConfiguration section */

/* Begin XCConfigurationList section */
		662316811C0A44310093EE82 /* Build configuration list for PBXProject "PI3DTouch" */ = {
			isa = XCConfigurationList;
			buildConfigurations = (
				662316961C0A44310093EE82 /* Debug */,
				662316971C0A44310093EE82 /* Release */,
			);
			defaultConfigurationIsVisible = 0;
			defaultConfigurationName = Release;
		};
		662316981C0A44310093EE82 /* Build configuration list for PBXNativeTarget "PI3DTouch" */ = {
			isa = XCConfigurationList;
			buildConfigurations = (
				662316991C0A44310093EE82 /* Debug */,
				6623169A1C0A44310093EE82 /* Release */,
			);
			defaultConfigurationIsVisible = 0;
			defaultConfigurationName = Release;
		};
/* End XCConfigurationList section */
	};
	rootObject = 6623167E1C0A44310093EE82 /* Project object */;
}
